
Microsoft Visual Studio Solution File, Format Version 12.00
# Visual Studio Version 17
VisualStudioVersion = 17.3.32804.467
MinimumVisualStudioVersion = 10.0.40219.1
Project("{9A19103F-16F7-4668-BE54-9A1E7A4F7556}") = "Strings.ResourceGenerator", "Strings.ResourceGenerator\Strings.ResourceGenerator.csproj", "{DE733742-ADFA-4E6D-94FC-CAF89ED5872C}"
EndProject
Project("{9A19103F-16F7-4668-BE54-9A1E7A4F7556}") = "Strings.ResourceGenerator.Examples", "Strings.ResourceGenerator.Examples\Strings.ResourceGenerator.Examples.csproj", "{98D6E132-9EB2-409C-AD9B-90A63CB36852}"
EndProject
Project("{2150E333-8FDC-42A3-9474-1A3956D46DE8}") = "Solution Items", "Solution Items", "{BAD3C869-EF97-4757-BCC7-2A47B8A3C5B1}"
	ProjectSection(SolutionItems) = preProject
		LICENSE = LICENSE
		publish.bat = publish.bat
		README.md = README.md
	EndProjectSection
EndProject
Project("{9A19103F-16F7-4668-BE54-9A1E7A4F7556}") = "UnitTests", "UnitTests\UnitTests.csproj", "{3E30A777-0407-4F76-A36E-6A9B34060DA8}"
EndProject
Global
	GlobalSection(SolutionConfigurationPlatforms) = preSolution
		Debug|Any CPU = Debug|Any CPU
		Release|Any CPU = Release|Any CPU
	EndGlobalSection
	GlobalSection(ProjectConfigurationPlatforms) = postSolution
		{DE733742-ADFA-4E6D-94FC-CAF89ED5872C}.Debug|Any CPU.ActiveCfg = Debug|Any CPU
		{DE733742-ADFA-4E6D-94FC-CAF89ED5872C}.Debug|Any CPU.Build.0 = Debug|Any CPU
		{DE733742-ADFA-4E6D-94FC-CAF89ED5872C}.Release|Any CPU.ActiveCfg = Release|Any CPU
		{DE733742-ADFA-4E6D-94FC-CAF89ED5872C}.Release|Any CPU.Build.0 = Release|Any CPU
		{98D6E132-9EB2-409C-AD9B-90A63CB36852}.Debug|Any CPU.ActiveCfg = Debug|Any CPU
		{98D6E132-9EB2-409C-AD9B-90A63CB36852}.Debug|Any CPU.Build.0 = Debug|Any CPU
		{98D6E132-9EB2-409C-AD9B-90A63CB36852}.Release|Any CPU.ActiveCfg = Release|Any CPU
		{98D6E132-9EB2-409C-AD9B-90A63CB36852}.Release|Any CPU.Build.0 = Release|Any CPU
		{3E30A777-0407-4F76-A36E-6A9B34060DA8}.Debug|Any CPU.ActiveCfg = Debug|Any CPU
		{3E30A777-0407-4F76-A36E-6A9B34060DA8}.Debug|Any CPU.Build.0 = Debug|Any CPU
		{3E30A777-0407-4F76-A36E-6A9B34060DA8}.Release|Any CPU.ActiveCfg = Release|Any CPU
		{3E30A777-0407-4F76-A36E-6A9B34060DA8}.Release|Any CPU.Build.0 = Release|Any CPU
	EndGlobalSection
	GlobalSection(SolutionProperties) = preSolution
		HideSolutionNode = FALSE
	EndGlobalSection
	GlobalSection(ExtensibilityGlobals) = postSolution
		SolutionGuid = {8C49D91A-1D91-4B88-9464-69EBB5A65A8E}
	EndGlobalSection
EndGlobal
